{
  "lockfileVersion": 1,
  "workspaces": {
    "": {
      "name": "vortex-sign",
      "dependencies": {
        "@polkadot/api": "^16.4.1",
        "stellar-sdk": "^13.3.0",
        "viem": "^2.31.7",
      },
      "devDependencies": {
        "@types/bun": "latest",
      },
      "peerDependencies": {
        "typescript": "^5",
      },
    },
  },
  "packages": {
    "@adraffy/ens-normalize": ["@adraffy/ens-normalize@1.11.0", "", {}, "sha512-/3DDPKHqqIqxUULp8yP4zODUY1i+2xvVWsv8A79xGWdCAG+8sb0hRh0Rk2QyOJUnnbyPUAZYcpBuRe3nS2OIUg=="],

    "@noble/ciphers": ["@noble/ciphers@1.3.0", "", {}, "sha512-2I0gnIVPtfnMw9ee9h1dJG7tp81+8Ob3OJb3Mv37rx5L40/b0i7djjCVvGOVqc9AEIQyvyu1i6ypKdFw8R8gQw=="],

    "@noble/curves": ["@noble/curves@1.9.2", "", { "dependencies": { "@noble/hashes": "1.8.0" } }, "sha512-HxngEd2XUcg9xi20JkwlLCtYwfoFw4JGkuZpT+WlsPD4gB/cxkvTD8fSsoAnphGZhFdZYKeQIPCuFlWPm1uE0g=="],

    "@noble/hashes": ["@noble/hashes@1.8.0", "", {}, "sha512-jCs9ldd7NwzpgXDIf6P3+NrHh9/sD6CQdxHyjQI+h/6rDNo88ypBxxz45UDuZHz9r3tNz7N/VInSVoVdtXEI4A=="],

    "@polkadot-api/json-rpc-provider": ["@polkadot-api/json-rpc-provider@0.0.1", "", {}, "sha512-/SMC/l7foRjpykLTUTacIH05H3mr9ip8b5xxfwXlVezXrNVLp3Cv0GX6uItkKd+ZjzVPf3PFrDF2B2/HLSNESA=="],

    "@polkadot-api/json-rpc-provider-proxy": ["@polkadot-api/json-rpc-provider-proxy@0.1.0", "", {}, "sha512-8GSFE5+EF73MCuLQm8tjrbCqlgclcHBSRaswvXziJ0ZW7iw3UEMsKkkKvELayWyBuOPa2T5i1nj6gFOeIsqvrg=="],

    "@polkadot-api/metadata-builders": ["@polkadot-api/metadata-builders@0.3.2", "", { "dependencies": { "@polkadot-api/substrate-bindings": "0.6.0", "@polkadot-api/utils": "0.1.0" } }, "sha512-TKpfoT6vTb+513KDzMBTfCb/ORdgRnsS3TDFpOhAhZ08ikvK+hjHMt5plPiAX/OWkm1Wc9I3+K6W0hX5Ab7MVg=="],

    "@polkadot-api/observable-client": ["@polkadot-api/observable-client@0.3.2", "", { "dependencies": { "@polkadot-api/metadata-builders": "0.3.2", "@polkadot-api/substrate-bindings": "0.6.0", "@polkadot-api/utils": "0.1.0" }, "peerDependencies": { "@polkadot-api/substrate-client": "0.1.4", "rxjs": ">=7.8.0" } }, "sha512-HGgqWgEutVyOBXoGOPp4+IAq6CNdK/3MfQJmhCJb8YaJiaK4W6aRGrdQuQSTPHfERHCARt9BrOmEvTXAT257Ug=="],

    "@polkadot-api/substrate-bindings": ["@polkadot-api/substrate-bindings@0.6.0", "", { "dependencies": { "@noble/hashes": "^1.3.1", "@polkadot-api/utils": "0.1.0", "@scure/base": "^1.1.1", "scale-ts": "^1.6.0" } }, "sha512-lGuhE74NA1/PqdN7fKFdE5C1gNYX357j1tWzdlPXI0kQ7h3kN0zfxNOpPUN7dIrPcOFZ6C0tRRVrBylXkI6xPw=="],

    "@polkadot-api/substrate-client": ["@polkadot-api/substrate-client@0.1.4", "", { "dependencies": { "@polkadot-api/json-rpc-provider": "0.0.1", "@polkadot-api/utils": "0.1.0" } }, "sha512-MljrPobN0ZWTpn++da9vOvt+Ex+NlqTlr/XT7zi9sqPtDJiQcYl+d29hFAgpaeTqbeQKZwz3WDE9xcEfLE8c5A=="],

    "@polkadot-api/utils": ["@polkadot-api/utils@0.1.0", "", {}, "sha512-MXzWZeuGxKizPx2Xf/47wx9sr/uxKw39bVJUptTJdsaQn/TGq+z310mHzf1RCGvC1diHM8f593KrnDgc9oNbJA=="],

    "@polkadot/api": ["@polkadot/api@16.4.1", "", { "dependencies": { "@polkadot/api-augment": "16.4.1", "@polkadot/api-base": "16.4.1", "@polkadot/api-derive": "16.4.1", "@polkadot/keyring": "^13.5.3", "@polkadot/rpc-augment": "16.4.1", "@polkadot/rpc-core": "16.4.1", "@polkadot/rpc-provider": "16.4.1", "@polkadot/types": "16.4.1", "@polkadot/types-augment": "16.4.1", "@polkadot/types-codec": "16.4.1", "@polkadot/types-create": "16.4.1", "@polkadot/types-known": "16.4.1", "@polkadot/util": "^13.5.3", "@polkadot/util-crypto": "^13.5.3", "eventemitter3": "^5.0.1", "rxjs": "^7.8.1", "tslib": "^2.8.1" } }, "sha512-O9+1BWV9s7Y8485hroOFoJcUg/bFCUNjMAoo57xM8W2knwK0tXQ+VstvEKitik72Llqm05IK7Gla2Y+q+MZtJQ=="],

    "@polkadot/api-augment": ["@polkadot/api-augment@16.4.1", "", { "dependencies": { "@polkadot/api-base": "16.4.1", "@polkadot/rpc-augment": "16.4.1", "@polkadot/types": "16.4.1", "@polkadot/types-augment": "16.4.1", "@polkadot/types-codec": "16.4.1", "@polkadot/util": "^13.5.3", "tslib": "^2.8.1" } }, "sha512-QFv+rxe9J4DGOWG7Z0vWcs9ljJHWwfX2rnAVObwEMPR3VOUtUmQc+kNVLerpnmkBeVgrgq5J8dRmVICtNbSoMw=="],

    "@polkadot/api-base": ["@polkadot/api-base@16.4.1", "", { "dependencies": { "@polkadot/rpc-core": "16.4.1", "@polkadot/types": "16.4.1", "@polkadot/util": "^13.5.3", "rxjs": "^7.8.1", "tslib": "^2.8.1" } }, "sha512-3Dms/nbyqgObMqqhKi9n9FVewb5Is2zCLRLXJaEEYPF4MpbwyTvzORtJn3PlltlGJbLC9d2sIM41jrpYZRrXXw=="],

    "@polkadot/api-derive": ["@polkadot/api-derive@16.4.1", "", { "dependencies": { "@polkadot/api": "16.4.1", "@polkadot/api-augment": "16.4.1", "@polkadot/api-base": "16.4.1", "@polkadot/rpc-core": "16.4.1", "@polkadot/types": "16.4.1", "@polkadot/types-codec": "16.4.1", "@polkadot/util": "^13.5.3", "@polkadot/util-crypto": "^13.5.3", "rxjs": "^7.8.1", "tslib": "^2.8.1" } }, "sha512-pCXOebhZ1p5RdwD2QlhLFnALg5FdR6XKCbTsAVbZovolGMGR0378dg6Qu0tg3gZ6MvnkcT5fBv/U8tsBU9wP+Q=="],

    "@polkadot/keyring": ["@polkadot/keyring@13.5.3", "", { "dependencies": { "@polkadot/util": "13.5.3", "@polkadot/util-crypto": "13.5.3", "tslib": "^2.8.0" } }, "sha512-b9vxcb29jMHEc9OrWRxOstkOIWjIBsSzF9Zg5EsUeYtfwxzKinDccI5uAbkx0R6x7+IjJ6xeFJGpbX2A2U/nWg=="],

    "@polkadot/networks": ["@polkadot/networks@13.5.3", "", { "dependencies": { "@polkadot/util": "13.5.3", "@substrate/ss58-registry": "^1.51.0", "tslib": "^2.8.0" } }, "sha512-90UbcIYZArg0DcP+6ZRWKy6Xqo0r46WfBuaKvYJIvfObgr5Pm4aPnAagEKehLJAStRdhEOpYozmKT1v3z8dHcw=="],

    "@polkadot/rpc-augment": ["@polkadot/rpc-augment@16.4.1", "", { "dependencies": { "@polkadot/rpc-core": "16.4.1", "@polkadot/types": "16.4.1", "@polkadot/types-codec": "16.4.1", "@polkadot/util": "^13.5.3", "tslib": "^2.8.1" } }, "sha512-kwkAunE/yG5SXZfLOjJEHo76zOs7LMYl0DQk94ntU5xPkXc9z59Dqt5hc19mfPk3Jm6VTzPguT7a1wEn3JnMVQ=="],

    "@polkadot/rpc-core": ["@polkadot/rpc-core@16.4.1", "", { "dependencies": { "@polkadot/rpc-augment": "16.4.1", "@polkadot/rpc-provider": "16.4.1", "@polkadot/types": "16.4.1", "@polkadot/util": "^13.5.3", "rxjs": "^7.8.1", "tslib": "^2.8.1" } }, "sha512-xlw05Ln4Ffu7AcSCb141SVYnuRJ1aqQaBRF9eXV4aOlyocbFYoXNW3rTy/nPzGkRG15+DEgICTqHqHNWXOqM0g=="],

    "@polkadot/rpc-provider": ["@polkadot/rpc-provider@16.4.1", "", { "dependencies": { "@polkadot/keyring": "^13.5.3", "@polkadot/types": "16.4.1", "@polkadot/types-support": "16.4.1", "@polkadot/util": "^13.5.3", "@polkadot/util-crypto": "^13.5.3", "@polkadot/x-fetch": "^13.5.3", "@polkadot/x-global": "^13.5.3", "@polkadot/x-ws": "^13.5.3", "eventemitter3": "^5.0.1", "mock-socket": "^9.3.1", "nock": "^13.5.5", "tslib": "^2.8.1" }, "optionalDependencies": { "@substrate/connect": "0.8.11" } }, "sha512-gCjh44+Zd1CBnqlXrsQGiOHYrKyVbw5VehPSlYzeZBPdjLu5F5VsqPikY14uHtIvpZrkUYAJKk3FVK6uFEoMjQ=="],

    "@polkadot/types": ["@polkadot/types@16.4.1", "", { "dependencies": { "@polkadot/keyring": "^13.5.3", "@polkadot/types-augment": "16.4.1", "@polkadot/types-codec": "16.4.1", "@polkadot/types-create": "16.4.1", "@polkadot/util": "^13.5.3", "@polkadot/util-crypto": "^13.5.3", "rxjs": "^7.8.1", "tslib": "^2.8.1" } }, "sha512-4DqmUiUnNEe2jooQ+wby+st7w2a+2TVeKC9ax0AvowZ5YdKYl+2v+6xeoi8Agm7bmKT9jML+TghF38iGc2QKQQ=="],

    "@polkadot/types-augment": ["@polkadot/types-augment@16.4.1", "", { "dependencies": { "@polkadot/types": "16.4.1", "@polkadot/types-codec": "16.4.1", "@polkadot/util": "^13.5.3", "tslib": "^2.8.1" } }, "sha512-GT1tvtKWFVdWRxPCzfSN8iiYaKxLPZWWtLz+fwb/Og2d23lreZQ9SxjGC8xIgYLgmHbEyhN/cR/LkSdOeEbZAw=="],

    "@polkadot/types-codec": ["@polkadot/types-codec@16.4.1", "", { "dependencies": { "@polkadot/util": "^13.5.3", "@polkadot/x-bigint": "^13.5.3", "tslib": "^2.8.1" } }, "sha512-ADUlH4++X4Qk29KFE3wmAn6cUDzjSoIuTfaC3ClsYmYEKOEEJAgjIaUfa6CVg+PFyt4fWQ4r3PbFFDQSbYBcjg=="],

    "@polkadot/types-create": ["@polkadot/types-create@16.4.1", "", { "dependencies": { "@polkadot/types-codec": "16.4.1", "@polkadot/util": "^13.5.3", "tslib": "^2.8.1" } }, "sha512-XYTAUrJa9eYwNcYkvbdtydUsbAje449eShHn04+r17PD1yKz3UCnBvpkA20ti1RZja/5U6bvifzkm3QkBP/2mA=="],

    "@polkadot/types-known": ["@polkadot/types-known@16.4.1", "", { "dependencies": { "@polkadot/networks": "^13.5.3", "@polkadot/types": "16.4.1", "@polkadot/types-codec": "16.4.1", "@polkadot/types-create": "16.4.1", "@polkadot/util": "^13.5.3", "tslib": "^2.8.1" } }, "sha512-syNtly+J3aDyhzvxpK9TMulopRAg/2JMUqaSmr7AvNfudmPJivpyBFzOXHgmqL08BwjjfkomM+4SVwkIBnvjag=="],

    "@polkadot/types-support": ["@polkadot/types-support@16.4.1", "", { "dependencies": { "@polkadot/util": "^13.5.3", "tslib": "^2.8.1" } }, "sha512-0RpAB+Eoqu+83rA12QDjf4OlVBit+iYjUoXvXwy1NRcqjHEeVCmgHeXFqEbVUtFMb7Z2Ybrql6eZJkVIS0KOuQ=="],

    "@polkadot/util": ["@polkadot/util@13.5.3", "", { "dependencies": { "@polkadot/x-bigint": "13.5.3", "@polkadot/x-global": "13.5.3", "@polkadot/x-textdecoder": "13.5.3", "@polkadot/x-textencoder": "13.5.3", "@types/bn.js": "^5.1.6", "bn.js": "^5.2.1", "tslib": "^2.8.0" } }, "sha512-dPqXvkzICTNz9vL85RdPyLzTDgB0/KtmROF8DB8taQksWyQp1RH3uU5mHHOmHtb0IJQBA5O/kumaXUfMQNo9Qw=="],

    "@polkadot/util-crypto": ["@polkadot/util-crypto@13.5.3", "", { "dependencies": { "@noble/curves": "^1.3.0", "@noble/hashes": "^1.3.3", "@polkadot/networks": "13.5.3", "@polkadot/util": "13.5.3", "@polkadot/wasm-crypto": "^7.4.1", "@polkadot/wasm-util": "^7.4.1", "@polkadot/x-bigint": "13.5.3", "@polkadot/x-randomvalues": "13.5.3", "@scure/base": "^1.1.7", "tslib": "^2.8.0" } }, "sha512-/GLv2+DpiyciN7yAwFTjQdFA5JDMVVLUrP5a6YuAVUGQywRnGC1k940d2pFsqdwNvGa2Xcf50DFNxvnfQiyZlQ=="],

    "@polkadot/wasm-bridge": ["@polkadot/wasm-bridge@7.4.1", "", { "dependencies": { "@polkadot/wasm-util": "7.4.1", "tslib": "^2.7.0" }, "peerDependencies": { "@polkadot/util": "*", "@polkadot/x-randomvalues": "*" } }, "sha512-tdkJaV453tezBxhF39r4oeG0A39sPKGDJmN81LYLf+Fihb7astzwju+u75BRmDrHZjZIv00un3razJEWCxze6g=="],

    "@polkadot/wasm-crypto": ["@polkadot/wasm-crypto@7.4.1", "", { "dependencies": { "@polkadot/wasm-bridge": "7.4.1", "@polkadot/wasm-crypto-asmjs": "7.4.1", "@polkadot/wasm-crypto-init": "7.4.1", "@polkadot/wasm-crypto-wasm": "7.4.1", "@polkadot/wasm-util": "7.4.1", "tslib": "^2.7.0" }, "peerDependencies": { "@polkadot/util": "*", "@polkadot/x-randomvalues": "*" } }, "sha512-kHN/kF7hYxm1y0WeFLWeWir6oTzvcFmR4N8fJJokR+ajYbdmrafPN+6iLgQVbhZnDdxyv9jWDuRRsDnBx8tPMQ=="],

    "@polkadot/wasm-crypto-asmjs": ["@polkadot/wasm-crypto-asmjs@7.4.1", "", { "dependencies": { "tslib": "^2.7.0" }, "peerDependencies": { "@polkadot/util": "*" } }, "sha512-pwU8QXhUW7IberyHJIQr37IhbB6DPkCG5FhozCiNTq4vFBsFPjm9q8aZh7oX1QHQaiAZa2m2/VjIVE+FHGbvHQ=="],

    "@polkadot/wasm-crypto-init": ["@polkadot/wasm-crypto-init@7.4.1", "", { "dependencies": { "@polkadot/wasm-bridge": "7.4.1", "@polkadot/wasm-crypto-asmjs": "7.4.1", "@polkadot/wasm-crypto-wasm": "7.4.1", "@polkadot/wasm-util": "7.4.1", "tslib": "^2.7.0" }, "peerDependencies": { "@polkadot/util": "*", "@polkadot/x-randomvalues": "*" } }, "sha512-AVka33+f7MvXEEIGq5U0dhaA2SaXMXnxVCQyhJTaCnJ5bRDj0Xlm3ijwDEQUiaDql7EikbkkRtmlvs95eSUWYQ=="],

    "@polkadot/wasm-crypto-wasm": ["@polkadot/wasm-crypto-wasm@7.4.1", "", { "dependencies": { "@polkadot/wasm-util": "7.4.1", "tslib": "^2.7.0" }, "peerDependencies": { "@polkadot/util": "*" } }, "sha512-PE1OAoupFR0ZOV2O8tr7D1FEUAwaggzxtfs3Aa5gr+yxlSOaWUKeqsOYe1KdrcjmZVV3iINEAXxgrbzCmiuONg=="],

    "@polkadot/wasm-util": ["@polkadot/wasm-util@7.4.1", "", { "dependencies": { "tslib": "^2.7.0" }, "peerDependencies": { "@polkadot/util": "*" } }, "sha512-RAcxNFf3zzpkr+LX/ItAsvj+QyM56TomJ0xjUMo4wKkHjwsxkz4dWJtx5knIgQz/OthqSDMR59VNEycQeNuXzA=="],

    "@polkadot/x-bigint": ["@polkadot/x-bigint@13.5.3", "", { "dependencies": { "@polkadot/x-global": "13.5.3", "tslib": "^2.8.0" } }, "sha512-o408qh3P+st/3ghTgVd4ATrePqExd7UgWHXPTJ0i74Q7/3iI1cWMNloNQFNDZxnSNIPB/AnFk8sfEWfpfPLucw=="],

    "@polkadot/x-fetch": ["@polkadot/x-fetch@13.5.3", "", { "dependencies": { "@polkadot/x-global": "13.5.3", "node-fetch": "^3.3.2", "tslib": "^2.8.0" } }, "sha512-+AFbo8JthkIEZtseOG8WhogAg0HnkvK4fUrCqn5YB8L7TJrIWxaAmccCarMLYQEAwYT7OKlBMbrMwRllGI9yRg=="],

    "@polkadot/x-global": ["@polkadot/x-global@13.5.3", "", { "dependencies": { "tslib": "^2.8.0" } }, "sha512-b8zEhDk6XDIXRGaPXnSxamQ3sVObm0xPRbkxbk2l9QiMB4MO1pOtAm5knQkHpC2Z+tVTy1SrSqUN5iqVnavicQ=="],

    "@polkadot/x-randomvalues": ["@polkadot/x-randomvalues@13.5.3", "", { "dependencies": { "@polkadot/x-global": "13.5.3", "tslib": "^2.8.0" }, "peerDependencies": { "@polkadot/util": "13.5.3", "@polkadot/wasm-util": "*" } }, "sha512-BrKE5Q4dzHWNjwq0PX08uWlJIQOztVCJIYuZiIAj0ic33oLRrQuPojXFWhw/3McjXlVXscFNtsgIXsRli+boiQ=="],

    "@polkadot/x-textdecoder": ["@polkadot/x-textdecoder@13.5.3", "", { "dependencies": { "@polkadot/x-global": "13.5.3", "tslib": "^2.8.0" } }, "sha512-qXQ0qxlKAl7FLCHgeKdHbtLFQgkBGNYp1RXtbUSIWGE1qKwTMTSQkrsXegwSXG3YM1MiJk2qHc7nlyuCK0xWVw=="],

    "@polkadot/x-textencoder": ["@polkadot/x-textencoder@13.5.3", "", { "dependencies": { "@polkadot/x-global": "13.5.3", "tslib": "^2.8.0" } }, "sha512-Gb3jW/pMdWd1P0Q+K7NYbeo8ivbeGn+UBkCYYIEcShun8u8XlHMiGBnYE9fFcx9GRAzoViZJ7htL5KaFzLtUkg=="],

    "@polkadot/x-ws": ["@polkadot/x-ws@13.5.3", "", { "dependencies": { "@polkadot/x-global": "13.5.3", "tslib": "^2.8.0", "ws": "^8.18.0" } }, "sha512-vIi9im6Zeo0eAagPSUF8WhdFBI1oomj4jF1R2jepiKmBVkT5HVn39MK2mix5fNjLESSa2K79iWYzS5VoVi0gxA=="],

    "@scure/base": ["@scure/base@1.2.6", "", {}, "sha512-g/nm5FgUa//MCj1gV09zTJTaM6KBAHqLN907YVQqf7zC49+DcO4B1so4ZX07Ef10Twr6nuqYEH9GEggFXA4Fmg=="],

    "@scure/bip32": ["@scure/bip32@1.7.0", "", { "dependencies": { "@noble/curves": "~1.9.0", "@noble/hashes": "~1.8.0", "@scure/base": "~1.2.5" } }, "sha512-E4FFX/N3f4B80AKWp5dP6ow+flD1LQZo/w8UnLGYZO674jS6YnYeepycOOksv+vLPSpgN35wgKgy+ybfTb2SMw=="],

    "@scure/bip39": ["@scure/bip39@1.6.0", "", { "dependencies": { "@noble/hashes": "~1.8.0", "@scure/base": "~1.2.5" } }, "sha512-+lF0BbLiJNwVlev4eKelw1WWLaiKXw7sSl8T6FvBlWkdX+94aGJ4o8XjUdlyhTCjd8c+B3KT3JfS8P0bLRNU6A=="],

    "@stellar/js-xdr": ["@stellar/js-xdr@3.1.2", "", {}, "sha512-VVolPL5goVEIsvuGqDc5uiKxV03lzfWdvYg1KikvwheDmTBO68CKDji3bAZ/kppZrx5iTA8z3Ld5yuytcvhvOQ=="],

    "@stellar/stellar-base": ["@stellar/stellar-base@13.1.0", "", { "dependencies": { "@stellar/js-xdr": "^3.1.2", "base32.js": "^0.1.0", "bignumber.js": "^9.1.2", "buffer": "^6.0.3", "sha.js": "^2.3.6", "tweetnacl": "^1.0.3" }, "optionalDependencies": { "sodium-native": "^4.3.3" } }, "sha512-90EArG+eCCEzDGj3OJNoCtwpWDwxjv+rs/RNPhvg4bulpjN/CSRj+Ys/SalRcfM4/WRC5/qAfjzmJBAuquWhkA=="],

    "@substrate/connect": ["@substrate/connect@0.8.11", "", { "dependencies": { "@substrate/connect-extension-protocol": "^2.0.0", "@substrate/connect-known-chains": "^1.1.5", "@substrate/light-client-extension-helpers": "^1.0.0", "smoldot": "2.0.26" } }, "sha512-ofLs1PAO9AtDdPbdyTYj217Pe+lBfTLltdHDs3ds8no0BseoLeAGxpz1mHfi7zB4IxI3YyAiLjH6U8cw4pj4Nw=="],

    "@substrate/connect-extension-protocol": ["@substrate/connect-extension-protocol@2.2.2", "", {}, "sha512-t66jwrXA0s5Goq82ZtjagLNd7DPGCNjHeehRlE/gcJmJ+G56C0W+2plqOMRicJ8XGR1/YFnUSEqUFiSNbjGrAA=="],

    "@substrate/connect-known-chains": ["@substrate/connect-known-chains@1.10.3", "", {}, "sha512-OJEZO1Pagtb6bNE3wCikc2wrmvEU5x7GxFFLqqbz1AJYYxSlrPCGu4N2og5YTExo4IcloNMQYFRkBGue0BKZ4w=="],

    "@substrate/light-client-extension-helpers": ["@substrate/light-client-extension-helpers@1.0.0", "", { "dependencies": { "@polkadot-api/json-rpc-provider": "^0.0.1", "@polkadot-api/json-rpc-provider-proxy": "^0.1.0", "@polkadot-api/observable-client": "^0.3.0", "@polkadot-api/substrate-client": "^0.1.2", "@substrate/connect-extension-protocol": "^2.0.0", "@substrate/connect-known-chains": "^1.1.5", "rxjs": "^7.8.1" }, "peerDependencies": { "smoldot": "2.x" } }, "sha512-TdKlni1mBBZptOaeVrKnusMg/UBpWUORNDv5fdCaJklP4RJiFOzBCrzC+CyVI5kQzsXBisZ+2pXm+rIjS38kHg=="],

    "@substrate/ss58-registry": ["@substrate/ss58-registry@1.51.0", "", {}, "sha512-TWDurLiPxndFgKjVavCniytBIw+t4ViOi7TYp9h/D0NMmkEc9klFTo+827eyEJ0lELpqO207Ey7uGxUa+BS1jQ=="],

    "@types/bn.js": ["@types/bn.js@5.2.0", "", { "dependencies": { "@types/node": "*" } }, "sha512-DLbJ1BPqxvQhIGbeu8VbUC1DiAiahHtAYvA0ZEAa4P31F7IaArc8z3C3BRQdWX4mtLQuABG4yzp76ZrS02Ui1Q=="],

    "@types/bun": ["@types/bun@1.2.14", "", { "dependencies": { "bun-types": "1.2.14" } }, "sha512-VsFZKs8oKHzI7zwvECiAJ5oSorWndIWEVhfbYqZd4HI/45kzW7PN2Rr5biAzvGvRuNmYLSANY+H59ubHq8xw7Q=="],

    "@types/node": ["@types/node@22.15.21", "", { "dependencies": { "undici-types": "~6.21.0" } }, "sha512-EV/37Td6c+MgKAbkcLG6vqZ2zEYHD7bvSrzqqs2RIhbA6w3x+Dqz8MZM3sP6kGTeLrdoOgKZe+Xja7tUB2DNkQ=="],

    "abitype": ["abitype@1.0.8", "", { "peerDependencies": { "typescript": ">=5.0.4", "zod": "^3 >=3.22.0" }, "optionalPeers": ["typescript", "zod"] }, "sha512-ZeiI6h3GnW06uYDLx0etQtX/p8E24UaHHBj57RSjK7YBFe7iuVn07EDpOeP451D06sF27VOz9JJPlIKJmXgkEg=="],

    "asynckit": ["asynckit@0.4.0", "", {}, "sha512-Oei9OH4tRh0YqU3GxhX79dM/mwVgvbZJaSNaRk+bshkj0S5cfHcgYakreBjrHwatXKbz+IoIdYLxrKim2MjW0Q=="],

    "available-typed-arrays": ["available-typed-arrays@1.0.7", "", { "dependencies": { "possible-typed-array-names": "^1.0.0" } }, "sha512-wvUjBtSGN7+7SjNpq/9M2Tg350UZD3q62IFZLbRAR1bSMlCo1ZaeW+BJ+D090e4hIIZLBcTDWe4Mh4jvUDajzQ=="],

    "axios": ["axios@1.10.0", "", { "dependencies": { "follow-redirects": "^1.15.6", "form-data": "^4.0.0", "proxy-from-env": "^1.1.0" } }, "sha512-/1xYAC4MP/HEG+3duIhFr4ZQXR4sQXOIe+o6sdqzeykGLx6Upp/1p8MHqhINOvGeP7xyNHe7tsiJByc4SSVUxw=="],

    "bare-addon-resolve": ["bare-addon-resolve@1.9.4", "", { "dependencies": { "bare-module-resolve": "^1.10.0", "bare-semver": "^1.0.0" }, "peerDependencies": { "bare-url": "*" }, "optionalPeers": ["bare-url"] }, "sha512-unn6Vy/Yke6F99vg/7tcrvM2KUvIhTNniaSqDbam4AWkd4NhvDVSrQiRYVlNzUV2P7SPobkCK7JFVxrJk9btCg=="],

    "bare-module-resolve": ["bare-module-resolve@1.11.1", "", { "dependencies": { "bare-semver": "^1.0.0" }, "peerDependencies": { "bare-url": "*" }, "optionalPeers": ["bare-url"] }, "sha512-DCxeT9i8sTs3vUMA3w321OX/oXtNEu5EjObQOnTmCdNp5RXHBAvAaBDHvAi9ta0q/948QPz+co6SsGi6aQMYRg=="],

    "bare-os": ["bare-os@3.6.1", "", {}, "sha512-uaIjxokhFidJP+bmmvKSgiMzj2sV5GPHaZVAIktcxcpCyBFFWO+YlikVAdhmUo2vYFvFhOXIAlldqV29L8126g=="],

    "bare-path": ["bare-path@3.0.0", "", { "dependencies": { "bare-os": "^3.0.1" } }, "sha512-tyfW2cQcB5NN8Saijrhqn0Zh7AnFNsnczRcuWODH0eYAXBsJ5gVxAUuNr7tsHSC6IZ77cA0SitzT+s47kot8Mw=="],

    "bare-semver": ["bare-semver@1.0.1", "", {}, "sha512-UtggzHLiTrmFOC/ogQ+Hy7VfoKoIwrP1UFcYtTxoCUdLtsIErT8+SWtOC2DH/snT9h+xDrcBEPcwKei1mzemgg=="],

    "bare-url": ["bare-url@2.1.6", "", { "dependencies": { "bare-path": "^3.0.0" } }, "sha512-FgjDeR+/yDH34By4I0qB5NxAoWv7dOTYcOXwn73kr+c93HyC2lU6tnjifqUe33LKMJcDyCYPQjEAqgOQiXkE2Q=="],

    "base32.js": ["base32.js@0.1.0", "", {}, "sha512-n3TkB02ixgBOhTvANakDb4xaMXnYUVkNoRFJjQflcqMQhyEKxEHdj3E6N8t8sUQ0mjH/3/JxzlXuz3ul/J90pQ=="],

    "base64-js": ["base64-js@1.5.1", "", {}, "sha512-AKpaYlHn8t4SVbOHCy+b5+KKgvR4vrsD8vbvrbiQJps7fKDTkjkDry6ji0rUJjC0kzbNePLwzxq8iypo41qeWA=="],

    "bignumber.js": ["bignumber.js@9.3.0", "", {}, "sha512-EM7aMFTXbptt/wZdMlBv2t8IViwQL+h6SLHosp8Yf0dqJMTnY6iL32opnAB6kAdL0SZPuvcAzFr31o0c/R3/RA=="],

    "bn.js": ["bn.js@5.2.2", "", {}, "sha512-v2YAxEmKaBLahNwE1mjp4WON6huMNeuDvagFZW+ASCuA/ku0bXR9hSMw0XpiqMoA3+rmnyck/tPRSFQkoC9Cuw=="],

    "buffer": ["buffer@6.0.3", "", { "dependencies": { "base64-js": "^1.3.1", "ieee754": "^1.2.1" } }, "sha512-FTiCpNxtwiZZHEZbcbTIcZjERVICn9yq/pDFkTl95/AxzD1naBctN7YO68riM/gLSDY7sdrMby8hofADYuuqOA=="],

    "bun-types": ["bun-types@1.2.14", "", { "dependencies": { "@types/node": "*" } }, "sha512-Kuh4Ub28ucMRWeiUUWMHsT9Wcbr4H3kLIO72RZZElSDxSu7vpetRvxIUDUaW6QtaIeixIpm7OXtNnZPf82EzwA=="],

    "call-bind": ["call-bind@1.0.8", "", { "dependencies": { "call-bind-apply-helpers": "^1.0.0", "es-define-property": "^1.0.0", "get-intrinsic": "^1.2.4", "set-function-length": "^1.2.2" } }, "sha512-oKlSFMcMwpUg2ednkhQ454wfWiU/ul3CkJe/PEHcTKuiX6RpbehUiFMXu13HalGZxfUwCQzZG747YXBn1im9ww=="],

    "call-bind-apply-helpers": ["call-bind-apply-helpers@1.0.2", "", { "dependencies": { "es-errors": "^1.3.0", "function-bind": "^1.1.2" } }, "sha512-Sp1ablJ0ivDkSzjcaJdxEunN5/XvksFJ2sMBFfq6x0ryhQV/2b/KwFe21cMpmHtPOSij8K99/wSfoEuTObmuMQ=="],

    "call-bound": ["call-bound@1.0.4", "", { "dependencies": { "call-bind-apply-helpers": "^1.0.2", "get-intrinsic": "^1.3.0" } }, "sha512-+ys997U96po4Kx/ABpBCqhA9EuxJaQWDQg7295H4hBphv3IZg0boBKuwYpt4YXp6MZ5AmZQnU/tyMTlRpaSejg=="],

    "combined-stream": ["combined-stream@1.0.8", "", { "dependencies": { "delayed-stream": "~1.0.0" } }, "sha512-FQN4MRfuJeHf7cBbBMJFXhKSDq+2kAArBlmRBvcvFE5BB1HZKXtSFASDhdlz9zOYwxh8lDdnvmMOe/+5cdoEdg=="],

    "data-uri-to-buffer": ["data-uri-to-buffer@4.0.1", "", {}, "sha512-0R9ikRb668HB7QDxT1vkpuUBtqc53YyAwMwGeUFKRojY/NWKvdZ+9UYtRfGmhqNbRkTSVpMbmyhXipFFv2cb/A=="],

    "debug": ["debug@4.4.1", "", { "dependencies": { "ms": "^2.1.3" } }, "sha512-KcKCqiftBJcZr++7ykoDIEwSa3XWowTfNPo92BYxjXiyYEVrUQh2aLyhxBCwww+heortUFxEJYcRzosstTEBYQ=="],

    "define-data-property": ["define-data-property@1.1.4", "", { "dependencies": { "es-define-property": "^1.0.0", "es-errors": "^1.3.0", "gopd": "^1.0.1" } }, "sha512-rBMvIzlpA8v6E+SJZoo++HAYqsLrkg7MSfIinMPFhmkorw7X+dOXVJQs+QT69zGkzMyfDnIMN2Wid1+NbL3T+A=="],

    "delayed-stream": ["delayed-stream@1.0.0", "", {}, "sha512-ZySD7Nf91aLB0RxL4KGrKHBXl7Eds1DAmEdcoVawXnLD7SDhpNgtuII2aAkg7a7QS41jxPSZ17p4VdGnMHk3MQ=="],

    "dunder-proto": ["dunder-proto@1.0.1", "", { "dependencies": { "call-bind-apply-helpers": "^1.0.1", "es-errors": "^1.3.0", "gopd": "^1.2.0" } }, "sha512-KIN/nDJBQRcXw0MLVhZE9iQHmG68qAVIBg9CqmUYjmQIhgij9U5MFvrqkUL5FbtyyzZuOeOt0zdeRe4UY7ct+A=="],

    "es-define-property": ["es-define-property@1.0.1", "", {}, "sha512-e3nRfgfUZ4rNGL232gUgX06QNyyez04KdjFrF+LTRoOXmrOgFKDg4BCdsjW8EnT69eqdYGmRpJwiPVYNrCaW3g=="],

    "es-errors": ["es-errors@1.3.0", "", {}, "sha512-Zf5H2Kxt2xjTvbJvP2ZWLEICxA6j+hAmMzIlypy4xcBg1vKVnx89Wy0GbS+kf5cwCVFFzdCFh2XSCFNULS6csw=="],

    "es-object-atoms": ["es-object-atoms@1.1.1", "", { "dependencies": { "es-errors": "^1.3.0" } }, "sha512-FGgH2h8zKNim9ljj7dankFPcICIK9Cp5bm+c2gQSYePhpaG5+esrLODihIorn+Pe6FGJzWhXQotPv73jTaldXA=="],

    "es-set-tostringtag": ["es-set-tostringtag@2.1.0", "", { "dependencies": { "es-errors": "^1.3.0", "get-intrinsic": "^1.2.6", "has-tostringtag": "^1.0.2", "hasown": "^2.0.2" } }, "sha512-j6vWzfrGVfyXxge+O0x5sh6cvxAog0a/4Rdd2K36zCMV5eJ+/+tOAngRO8cODMNWbVRdVlmGZQL2YS3yR8bIUA=="],

    "eventemitter3": ["eventemitter3@5.0.1", "", {}, "sha512-GWkBvjiSZK87ELrYOSESUYeVIc9mvLLf/nXalMOS5dYrgZq9o5OVkbZAVM06CVxYsCwH9BDZFPlQTlPA1j4ahA=="],

    "eventsource": ["eventsource@2.0.2", "", {}, "sha512-IzUmBGPR3+oUG9dUeXynyNmf91/3zUSJg1lCktzKw47OXuhco54U3r9B7O4XX+Rb1Itm9OZ2b0RkTs10bICOxA=="],

    "feaxios": ["feaxios@0.0.23", "", { "dependencies": { "is-retry-allowed": "^3.0.0" } }, "sha512-eghR0A21fvbkcQBgZuMfQhrXxJzC0GNUGC9fXhBge33D+mFDTwl0aJ35zoQQn575BhyjQitRc5N4f+L4cP708g=="],

    "fetch-blob": ["fetch-blob@3.2.0", "", { "dependencies": { "node-domexception": "^1.0.0", "web-streams-polyfill": "^3.0.3" } }, "sha512-7yAQpD2UMJzLi1Dqv7qFYnPbaPx7ZfFK6PiIxQ4PfkGPyNyl2Ugx+a/umUonmKqjhM4DnfbMvdX6otXq83soQQ=="],

    "follow-redirects": ["follow-redirects@1.15.9", "", {}, "sha512-gew4GsXizNgdoRyqmyfMHyAmXsZDk6mHkSxZFCzW9gwlbtOW44CDtYavM+y+72qD/Vq2l550kMF52DT8fOLJqQ=="],

    "for-each": ["for-each@0.3.5", "", { "dependencies": { "is-callable": "^1.2.7" } }, "sha512-dKx12eRCVIzqCxFGplyFKJMPvLEWgmNtUrpTiJIR5u97zEhRG8ySrtboPHZXx7daLxQVrl643cTzbab2tkQjxg=="],

    "form-data": ["form-data@4.0.3", "", { "dependencies": { "asynckit": "^0.4.0", "combined-stream": "^1.0.8", "es-set-tostringtag": "^2.1.0", "hasown": "^2.0.2", "mime-types": "^2.1.12" } }, "sha512-qsITQPfmvMOSAdeyZ+12I1c+CKSstAFAwu+97zrnWAbIr5u8wfsExUzCesVLC8NgHuRUqNN4Zy6UPWUTRGslcA=="],

    "formdata-polyfill": ["formdata-polyfill@4.0.10", "", { "dependencies": { "fetch-blob": "^3.1.2" } }, "sha512-buewHzMvYL29jdeQTVILecSaZKnt/RJWjoZCF5OW60Z67/GmSLBkOFM7qh1PI3zFNtJbaZL5eQu1vLfazOwj4g=="],

    "function-bind": ["function-bind@1.1.2", "", {}, "sha512-7XHNxH7qX9xG5mIwxkhumTox/MIRNcOgDrxWsMt2pAr23WHp6MrRlN7FBSFpCpr+oVO0F744iUgR82nJMfG2SA=="],

    "get-intrinsic": ["get-intrinsic@1.3.0", "", { "dependencies": { "call-bind-apply-helpers": "^1.0.2", "es-define-property": "^1.0.1", "es-errors": "^1.3.0", "es-object-atoms": "^1.1.1", "function-bind": "^1.1.2", "get-proto": "^1.0.1", "gopd": "^1.2.0", "has-symbols": "^1.1.0", "hasown": "^2.0.2", "math-intrinsics": "^1.1.0" } }, "sha512-9fSjSaos/fRIVIp+xSJlE6lfwhES7LNtKaCBIamHsjr2na1BiABJPo0mOjjz8GJDURarmCPGqaiVg5mfjb98CQ=="],

    "get-proto": ["get-proto@1.0.1", "", { "dependencies": { "dunder-proto": "^1.0.1", "es-object-atoms": "^1.0.0" } }, "sha512-sTSfBjoXBp89JvIKIefqw7U2CCebsc74kiY6awiGogKtoSGbgjYE/G/+l9sF3MWFPNc9IcoOC4ODfKHfxFmp0g=="],

    "gopd": ["gopd@1.2.0", "", {}, "sha512-ZUKRh6/kUFoAiTAtTYPZJ3hw9wNxx+BIBOijnlG9PnrJsCcSjs1wyyD6vJpaYtgnzDrKYRSqf3OO6Rfa93xsRg=="],

    "has-property-descriptors": ["has-property-descriptors@1.0.2", "", { "dependencies": { "es-define-property": "^1.0.0" } }, "sha512-55JNKuIW+vq4Ke1BjOTjM2YctQIvCT7GFzHwmfZPGo5wnrgkid0YQtnAleFSqumZm4az3n2BS+erby5ipJdgrg=="],

    "has-symbols": ["has-symbols@1.1.0", "", {}, "sha512-1cDNdwJ2Jaohmb3sg4OmKaMBwuC48sYni5HUw2DvsC8LjGTLK9h+eb1X6RyuOHe4hT0ULCW68iomhjUoKUqlPQ=="],

    "has-tostringtag": ["has-tostringtag@1.0.2", "", { "dependencies": { "has-symbols": "^1.0.3" } }, "sha512-NqADB8VjPFLM2V0VvHUewwwsw0ZWBaIdgo+ieHtK3hasLz4qeCRjYcqfB6AQrBggRKppKF8L52/VqdVsO47Dlw=="],

    "hasown": ["hasown@2.0.2", "", { "dependencies": { "function-bind": "^1.1.2" } }, "sha512-0hJU9SCPvmMzIBdZFqNPXWa6dqh7WdH0cII9y+CyS8rG3nL48Bclra9HmKhVVUHyPWNH5Y7xDwAB7bfgSjkUMQ=="],

    "ieee754": ["ieee754@1.2.1", "", {}, "sha512-dcyqhDvX1C46lXZcVqCpK+FtMRQVdIMN6/Df5js2zouUsqG7I6sFxitIC+7KYK29KdXOLHdu9zL4sFnoVQnqaA=="],

    "inherits": ["inherits@2.0.4", "", {}, "sha512-k/vGaX4/Yla3WzyMCvTQOXYeIHvqOKtnqBduzTHpzpQZzAskKMhZ2K+EnBiSM9zGSoIFeMpXKxa4dYeZIQqewQ=="],

    "is-callable": ["is-callable@1.2.7", "", {}, "sha512-1BC0BVFhS/p0qtw6enp8e+8OD0UrK0oFLztSjNzhcKA3WDuJxxAPXzPuPtKkjEY9UUoEWlX/8fgKeu2S8i9JTA=="],

    "is-retry-allowed": ["is-retry-allowed@3.0.0", "", {}, "sha512-9xH0xvoggby+u0uGF7cZXdrutWiBiaFG8ZT4YFPXL8NzkyAwX3AKGLeFQLvzDpM430+nDFBZ1LHkie/8ocL06A=="],

    "is-typed-array": ["is-typed-array@1.1.15", "", { "dependencies": { "which-typed-array": "^1.1.16" } }, "sha512-p3EcsicXjit7SaskXHs1hA91QxgTw46Fv6EFKKGS5DRFLD8yKnohjF3hxoju94b/OcMZoQukzpPpBE9uLVKzgQ=="],

    "isarray": ["isarray@2.0.5", "", {}, "sha512-xHjhDr3cNBK0BzdUJSPXZntQUx/mwMS5Rw4A7lPJ90XGAO6ISP/ePDNuo0vhqOZU+UD5JoodwCAAoZQd3FeAKw=="],

    "isows": ["isows@1.0.7", "", { "peerDependencies": { "ws": "*" } }, "sha512-I1fSfDCZL5P0v33sVqeTDSpcstAg/N+wF5HS033mogOVIp4B+oHC7oOCsA3axAbBSGTJ8QubbNmnIRN/h8U7hg=="],

    "json-stringify-safe": ["json-stringify-safe@5.0.1", "", {}, "sha512-ZClg6AaYvamvYEE82d3Iyd3vSSIjQ+odgjaTzRuO3s7toCdFKczob2i0zCh7JE8kWn17yvAWhUVxvqGwUalsRA=="],

    "math-intrinsics": ["math-intrinsics@1.1.0", "", {}, "sha512-/IXtbwEk5HTPyEwyKX6hGkYXxM9nbj64B+ilVJnC/R6B0pH5G4V3b0pVbL7DBj4tkhBAppbQUlf6F6Xl9LHu1g=="],

    "mime-db": ["mime-db@1.52.0", "", {}, "sha512-sPU4uV7dYlvtWJxwwxHD0PuihVNiE7TyAbQ5SWxDCB9mUYvOgroQOwYQQOKPJ8CIbE+1ETVlOoK1UC2nU3gYvg=="],

    "mime-types": ["mime-types@2.1.35", "", { "dependencies": { "mime-db": "1.52.0" } }, "sha512-ZDY+bPm5zTTF+YpCrAU9nK0UgICYPT0QtT1NZWFv4s++TNkcgVaT0g6+4R2uI4MjQjzysHB1zxuWL50hzaeXiw=="],

    "mock-socket": ["mock-socket@9.3.1", "", {}, "sha512-qxBgB7Qa2sEQgHFjj0dSigq7fX4k6Saisd5Nelwp2q8mlbAFh5dHV9JTTlF8viYJLSSWgMCZFUom8PJcMNBoJw=="],

    "ms": ["ms@2.1.3", "", {}, "sha512-6FlzubTLZG3J2a/NVCAleEhjzq5oxgHyaCU9yYXvcLsvoVaHJq/s5xXI6/XXP6tz7R9xAOtHnSO/tXtF3WRTlA=="],

    "nock": ["nock@13.5.6", "", { "dependencies": { "debug": "^4.1.0", "json-stringify-safe": "^5.0.1", "propagate": "^2.0.0" } }, "sha512-o2zOYiCpzRqSzPj0Zt/dQ/DqZeYoaQ7TUonc/xUPjCGl9WeHpNbxgVvOquXYAaJzI0M9BXV3HTzG0p8IUAbBTQ=="],

    "node-domexception": ["node-domexception@1.0.0", "", {}, "sha512-/jKZoMpw0F8GRwl4/eLROPA3cfcXtLApP0QzLmUT/HuPCZWyB7IY9ZrMeKw2O/nFIqPQB3PVM9aYm0F312AXDQ=="],

    "node-fetch": ["node-fetch@3.3.2", "", { "dependencies": { "data-uri-to-buffer": "^4.0.0", "fetch-blob": "^3.1.4", "formdata-polyfill": "^4.0.10" } }, "sha512-dRB78srN/l6gqWulah9SrxeYnxeddIG30+GOqK/9OlLVyLg3HPnr6SqOWTWOXKRwC2eGYCkZ59NNuSgvSrpgOA=="],

    "ox": ["ox@0.8.1", "", { "dependencies": { "@adraffy/ens-normalize": "^1.11.0", "@noble/ciphers": "^1.3.0", "@noble/curves": "^1.9.1", "@noble/hashes": "^1.8.0", "@scure/bip32": "^1.7.0", "@scure/bip39": "^1.6.0", "abitype": "^1.0.8", "eventemitter3": "5.0.1" }, "peerDependencies": { "typescript": ">=5.4.0" }, "optionalPeers": ["typescript"] }, "sha512-e+z5epnzV+Zuz91YYujecW8cF01mzmrUtWotJ0oEPym/G82uccs7q0WDHTYL3eiONbTUEvcZrptAKLgTBD3u2A=="],

    "possible-typed-array-names": ["possible-typed-array-names@1.1.0", "", {}, "sha512-/+5VFTchJDoVj3bhoqi6UeymcD00DAwb1nJwamzPvHEszJ4FpF6SNNbUbOS8yI56qHzdV8eK0qEfOSiodkTdxg=="],

    "propagate": ["propagate@2.0.1", "", {}, "sha512-vGrhOavPSTz4QVNuBNdcNXePNdNMaO1xj9yBeH1ScQPjk/rhg9sSlCXPhMkFuaNNW/syTvYqsnbIJxMBfRbbag=="],

    "proxy-from-env": ["proxy-from-env@1.1.0", "", {}, "sha512-D+zkORCbA9f1tdWRK0RaCR3GPv50cMxcrz4X8k5LTSUD1Dkw47mKJEZQNunItRTkWwgtaUSo1RVFRIG9ZXiFYg=="],

    "randombytes": ["randombytes@2.1.0", "", { "dependencies": { "safe-buffer": "^5.1.0" } }, "sha512-vYl3iOX+4CKUWuxGi9Ukhie6fsqXqS9FE2Zaic4tNFD2N2QQaXOMFbuKK4QmDHC0JO6B1Zp41J0LpT0oR68amQ=="],

    "require-addon": ["require-addon@1.1.0", "", { "dependencies": { "bare-addon-resolve": "^1.3.0", "bare-url": "^2.1.0" } }, "sha512-KbXAD5q2+v1GJnkzd8zzbOxchTkStSyJZ9QwoCq3QwEXAaIlG3wDYRZGzVD357jmwaGY7hr5VaoEAL0BkF0Kvg=="],

    "rxjs": ["rxjs@7.8.2", "", { "dependencies": { "tslib": "^2.1.0" } }, "sha512-dhKf903U/PQZY6boNNtAGdWbG85WAbjT/1xYoZIC7FAY0yWapOBQVsVrDl58W86//e1VpMNBtRV4MaXfdMySFA=="],

    "safe-buffer": ["safe-buffer@5.2.1", "", {}, "sha512-rp3So07KcdmmKbGvgaNxQSJr7bGVSVk5S9Eq1F+ppbRo70+YeaDxkw5Dd8NPN+GD6bjnYm2VuPuCXmpuYvmCXQ=="],

    "scale-ts": ["scale-ts@1.6.1", "", {}, "sha512-PBMc2AWc6wSEqJYBDPcyCLUj9/tMKnLX70jLOSndMtcUoLQucP/DM0vnQo1wJAYjTrQiq8iG9rD0q6wFzgjH7g=="],

    "set-function-length": ["set-function-length@1.2.2", "", { "dependencies": { "define-data-property": "^1.1.4", "es-errors": "^1.3.0", "function-bind": "^1.1.2", "get-intrinsic": "^1.2.4", "gopd": "^1.0.1", "has-property-descriptors": "^1.0.2" } }, "sha512-pgRc4hJ4/sNjWCSS9AmnS40x3bNMDTknHgL5UaMBTMyJnU90EgWh1Rz+MC9eFu4BuN/UwZjKQuY/1v3rM7HMfg=="],

    "sha.js": ["sha.js@2.4.12", "", { "dependencies": { "inherits": "^2.0.4", "safe-buffer": "^5.2.1", "to-buffer": "^1.2.0" }, "bin": { "sha.js": "bin.js" } }, "sha512-8LzC5+bvI45BjpfXU8V5fdU2mfeKiQe1D1gIMn7XUlF3OTUrpdJpPPH4EMAnF0DsHHdSZqCdSss5qCmJKuiO3w=="],

    "smoldot": ["smoldot@2.0.26", "", { "dependencies": { "ws": "^8.8.1" } }, "sha512-F+qYmH4z2s2FK+CxGj8moYcd1ekSIKH8ywkdqlOz88Dat35iB1DIYL11aILN46YSGMzQW/lbJNS307zBSDN5Ig=="],

    "sodium-native": ["sodium-native@4.3.3", "", { "dependencies": { "require-addon": "^1.1.0" } }, "sha512-OnxSlN3uyY8D0EsLHpmm2HOFmKddQVvEMmsakCrXUzSd8kjjbzL413t4ZNF3n0UxSwNgwTyUvkmZHTfuCeiYSw=="],

    "stellar-sdk": ["stellar-sdk@13.3.0", "", { "dependencies": { "@stellar/stellar-base": "^13.1.0", "axios": "^1.8.4", "bignumber.js": "^9.3.0", "eventsource": "^2.0.2", "feaxios": "^0.0.23", "randombytes": "^2.1.0", "toml": "^3.0.0", "urijs": "^1.19.1" } }, "sha512-jAA3+U7oAUueldoS4kuEhcym+DigElWq9isPxt7tjMrE7kTJ2vvY29waavUb2FSfQIWwGbuwAJTYddy2BeyJsw=="],

    "to-buffer": ["to-buffer@1.2.1", "", { "dependencies": { "isarray": "^2.0.5", "safe-buffer": "^5.2.1", "typed-array-buffer": "^1.0.3" } }, "sha512-tB82LpAIWjhLYbqjx3X4zEeHN6M8CiuOEy2JY8SEQVdYRe3CCHOFaqrBW1doLDrfpWhplcW7BL+bO3/6S3pcDQ=="],

    "toml": ["toml@3.0.0", "", {}, "sha512-y/mWCZinnvxjTKYhJ+pYxwD0mRLVvOtdS2Awbgxln6iEnt4rk0yBxeSBHkGJcPucRiG0e55mwWp+g/05rsrd6w=="],

    "tslib": ["tslib@2.8.1", "", {}, "sha512-oJFu94HQb+KVduSUQL7wnpmqnfmLsOA/nAh6b6EH0wCEoK0/mPeXU6c3wKDV83MkOuHPRHtSXKKU99IBazS/2w=="],

    "tweetnacl": ["tweetnacl@1.0.3", "", {}, "sha512-6rt+RN7aOi1nGMyC4Xa5DdYiukl2UWCbcJft7YhxReBGQD7OAM8Pbxw6YMo4r2diNEA8FEmu32YOn9rhaiE5yw=="],

    "typed-array-buffer": ["typed-array-buffer@1.0.3", "", { "dependencies": { "call-bound": "^1.0.3", "es-errors": "^1.3.0", "is-typed-array": "^1.1.14" } }, "sha512-nAYYwfY3qnzX30IkA6AQZjVbtK6duGontcQm1WSG1MD94YLqK0515GNApXkoxKOWMusVssAHWLh9SeaoefYFGw=="],

    "typescript": ["typescript@5.8.3", "", { "bin": { "tsc": "bin/tsc", "tsserver": "bin/tsserver" } }, "sha512-p1diW6TqL9L07nNxvRMM7hMMw4c5XOo/1ibL4aAIGmSAt9slTE1Xgw5KWuof2uTOvCg9BY7ZRi+GaF+7sfgPeQ=="],

    "undici-types": ["undici-types@6.21.0", "", {}, "sha512-iwDZqg0QAGrg9Rav5H4n0M64c3mkR59cJ6wQp+7C4nI0gsmExaedaYLNO44eT4AtBBwjbTiGPMlt2Md0T9H9JQ=="],

    "urijs": ["urijs@1.19.11", "", {}, "sha512-HXgFDgDommxn5/bIv0cnQZsPhHDA90NPHD6+c/v21U5+Sx5hoP8+dP9IZXBU1gIfvdRfhG8cel9QNPeionfcCQ=="],

    "viem": ["viem@2.31.7", "", { "dependencies": { "@noble/curves": "1.9.2", "@noble/hashes": "1.8.0", "@scure/bip32": "1.7.0", "@scure/bip39": "1.6.0", "abitype": "1.0.8", "isows": "1.0.7", "ox": "0.8.1", "ws": "8.18.2" }, "peerDependencies": { "typescript": ">=5.0.4" }, "optionalPeers": ["typescript"] }, "sha512-mpB8Hp6xK77E/b/yJmpAIQcxcOfpbrwWNItjnXaIA8lxZYt4JS433Pge2gg6Hp3PwyFtaUMh01j5L8EXnLTjQQ=="],

    "web-streams-polyfill": ["web-streams-polyfill@3.3.3", "", {}, "sha512-d2JWLCivmZYTSIoge9MsgFCZrt571BikcWGYkjC1khllbTeDlGqZ2D8vD8E/lJa8WGWbb7Plm8/XJYV7IJHZZw=="],

    "which-typed-array": ["which-typed-array@1.1.19", "", { "dependencies": { "available-typed-arrays": "^1.0.7", "call-bind": "^1.0.8", "call-bound": "^1.0.4", "for-each": "^0.3.5", "get-proto": "^1.0.1", "gopd": "^1.2.0", "has-tostringtag": "^1.0.2" } }, "sha512-rEvr90Bck4WZt9HHFC4DJMsjvu7x+r6bImz0/BrbWb7A2djJ8hnZMrWnHo9F8ssv0OMErasDhftrfROTyqSDrw=="],

    "ws": ["ws@8.18.2", "", { "peerDependencies": { "bufferutil": "^4.0.1", "utf-8-validate": ">=5.0.2" }, "optionalPeers": ["bufferutil", "utf-8-validate"] }, "sha512-DMricUmwGZUVr++AEAe2uiVM7UoO9MAVZMDu05UQOaUII0lp+zOzLLU4Xqh/JvTqklB1T4uELaaPBKyjE1r4fQ=="],

    "@polkadot/x-ws/ws": ["ws@8.18.3", "", { "peerDependencies": { "bufferutil": "^4.0.1", "utf-8-validate": ">=5.0.2" }, "optionalPeers": ["bufferutil", "utf-8-validate"] }, "sha512-PEIGCY5tSlUt50cqyMXfCzX+oOPqN0vuGqWzbcJ2xvnkzkq46oOpz7dQaTDBdfICb4N14+GARUDw2XV2N4tvzg=="],

    "smoldot/ws": ["ws@8.18.3", "", { "peerDependencies": { "bufferutil": "^4.0.1", "utf-8-validate": ">=5.0.2" }, "optionalPeers": ["bufferutil", "utf-8-validate"] }, "sha512-PEIGCY5tSlUt50cqyMXfCzX+oOPqN0vuGqWzbcJ2xvnkzkq46oOpz7dQaTDBdfICb4N14+GARUDw2XV2N4tvzg=="],
  }
}
